{
  "originHash" : "d2dc53affa9e73e5a47d89115ae40261f21168fe4be2e12afdff0f2712fcf344",
  "pins" : [
    {
      "identity" : "privy-ios",
      "kind" : "remoteSourceControl",
      "location" : "https://github.com/privy-io/privy-ios",
      "state" : {
        "revision" : "b96bf1780318a5e722666880b606ee8d2a969d7a",
        "version" : "0.6.1"
      }
    }
  ],
  "version" : 3
}
